// !$*UTF8*$!
{
	archiveVersion = 1;
	classes = {
	};
	objectVersion = 50;
	objects = {

/* Begin PBXBuildFile section */
		5033B1272532F98800300EF8 /* AppDelegate.swift in Sources */ = {isa = PBXBuildFile; fileRef = 5033B1262532F98800300EF8 /* AppDelegate.swift */; };
		5033B1292532F98800300EF8 /* SceneDelegate.swift in Sources */ = {isa = PBXBuildFile; fileRef = 5033B1282532F98800300EF8 /* SceneDelegate.swift */; };
		5033B12B2532F98800300EF8 /* ViewController.swift in Sources */ = {isa = PBXBuildFile; fileRef = 5033B12A2532F98800300EF8 /* ViewController.swift */; };
		5033B12E2532F98800300EF8 /* Main.storyboard in Resources */ = {isa = PBXBuildFile; fileRef = 5033B12C2532F98800300EF8 /* Main.storyboard */; };
		5033B1302532F98C00300EF8 /* Assets.xcassets in Resources */ = {isa = PBXBuildFile; fileRef = 5033B12F2532F98C00300EF8 /* Assets.xcassets */; };
		5033B1332532F98C00300EF8 /* LaunchScreen.storyboard in Resources */ = {isa = PBXBuildFile; fileRef = 5033B1312532F98C00300EF8 /* LaunchScreen.storyboard */; };
		5033B13D25330C2300300EF8 /* ThirstySoftRegular.otf in Resources */ = {isa = PBXBuildFile; fileRef = 5033B13B25330C2300300EF8 /* ThirstySoftRegular.otf */; };
		5033B13E25330C2300300EF8 /* Delm-Medium.otf in Resources */ = {isa = PBXBuildFile; fileRef = 5033B13C25330C2300300EF8 /* Delm-Medium.otf */; };
		50F99419253CE71A00E2552B /* Default-568h@2x.png in Resources */ = {isa = PBXBuildFile; fileRef = 50F99418253CE71A00E2552B /* Default-568h@2x.png */; };
/* End PBXBuildFile section */

/* Begin PBXFileReference section */
		5033B1232532F98800300EF8 /* Instagrid.app */ = {isa = PBXFileReference; explicitFileType = wrapper.application; includeInIndex = 0; path = Instagrid.app; sourceTree = BUILT_PRODUCTS_DIR; };
		5033B1262532F98800300EF8 /* AppDelegate.swift */ = {isa = PBXFileReference; lastKnownFileType = sourcecode.swift; path = AppDelegate.swift; sourceTree = "<group>"; };
		5033B1282532F98800300EF8 /* SceneDelegate.swift */ = {isa = PBXFileReference; lastKnownFileType = sourcecode.swift; path = SceneDelegate.swift; sourceTree = "<group>"; };
		5033B12A2532F98800300EF8 /* ViewController.swift */ = {isa = PBXFileReference; lastKnownFileType = sourcecode.swift; path = ViewController.swift; sourceTree = "<group>"; };
		5033B12D2532F98800300EF8 /* Base */ = {isa = PBXFileReference; lastKnownFileType = file.storyboard; name = Base; path = Base.lproj/Main.storyboard; sourceTree = "<group>"; };
		5033B12F2532F98C00300EF8 /* Assets.xcassets */ = {isa = PBXFileReference; lastKnownFileType = folder.assetcatalog; path = Assets.xcassets; sourceTree = "<group>"; };
		5033B1322532F98C00300EF8 /* Base */ = {isa = PBXFileReference; lastKnownFileType = file.storyboard; name = Base; path = Base.lproj/LaunchScreen.storyboard; sourceTree = "<group>"; };
		5033B1342532F98C00300EF8 /* Info.plist */ = {isa = PBXFileReference; lastKnownFileType = text.plist.xml; path = Info.plist; sourceTree = "<group>"; };
		5033B13B25330C2300300EF8 /* ThirstySoftRegular.otf */ = {isa = PBXFileReference; lastKnownFileType = file; path = ThirstySoftRegular.otf; sourceTree = "<group>"; };
		5033B13C25330C2300300EF8 /* Delm-Medium.otf */ = {isa = PBXFileReference; lastKnownFileType = file; path = "Delm-Medium.otf"; sourceTree = "<group>"; };
		50F99418253CE71A00E2552B /* Default-568h@2x.png */ = {isa = PBXFileReference; lastKnownFileType = image.png; path = "Default-568h@2x.png"; sourceTree = "<group>"; };
/* End PBXFileReference section */

/* Begin PBXFrameworksBuildPhase section */
		5033B1202532F98800300EF8 /* Frameworks */ = {
			isa = PBXFrameworksBuildPhase;
			buildActionMask = 2147483647;
			files = (
			);
			runOnlyForDeploymentPostprocessing = 0;
		};
/* End PBXFrameworksBuildPhase section */

/* Begin PBXGroup section */
		5033B11A2532F98800300EF8 = {
			isa = PBXGroup;
			children = (
				5033B1252532F98800300EF8 /* Instagrid */,
				5033B1242532F98800300EF8 /* Products */,
			);
			sourceTree = "<group>";
		};
		5033B1242532F98800300EF8 /* Products */ = {
			isa = PBXGroup;
			children = (
				5033B1232532F98800300EF8 /* Instagrid.app */,
			);
			name = Products;
			sourceTree = "<group>";
		};
		5033B1252532F98800300EF8 /* Instagrid */ = {
			isa = PBXGroup;
			children = (
				50F99416253CE2B100E2552B /* Views */,
				50F99417253CE31400E2552B /* Controllers */,
				5033B13A25330BB800300EF8 /* Ressources */,
				5033B1342532F98C00300EF8 /* Info.plist */,
			);
			path = Instagrid;
			sourceTree = "<group>";
		};
		5033B13A25330BB800300EF8 /* Ressources */ = {
			isa = PBXGroup;
			children = (
				506F5F23253B5D2000E46804 /* Fonts */,
				5033B12F2532F98C00300EF8 /* Assets.xcassets */,
				50F99418253CE71A00E2552B /* Default-568h@2x.png */,
			);
			path = Ressources;
			sourceTree = "<group>";
		};
		506F5F23253B5D2000E46804 /* Fonts */ = {
			isa = PBXGroup;
			children = (
				5033B13C25330C2300300EF8 /* Delm-Medium.otf */,
				5033B13B25330C2300300EF8 /* ThirstySoftRegular.otf */,
			);
			path = Fonts;
			sourceTree = "<group>";
		};
		50F99416253CE2B100E2552B /* Views */ = {
			isa = PBXGroup;
			children = (
				5033B12C2532F98800300EF8 /* Main.storyboard */,
				5033B1312532F98C00300EF8 /* LaunchScreen.storyboard */,
			);
			path = Views;
			sourceTree = "<group>";
		};
		50F99417253CE31400E2552B /* Controllers */ = {
			isa = PBXGroup;
			children = (
				5033B12A2532F98800300EF8 /* ViewController.swift */,
				5033B1262532F98800300EF8 /* AppDelegate.swift */,
				5033B1282532F98800300EF8 /* SceneDelegate.swift */,
			);
			path = Controllers;
			sourceTree = "<group>";
		};
/* End PBXGroup section */

/* Begin PBXNativeTarget section */
		5033B1222532F98800300EF8 /* Instagrid */ = {
			isa = PBXNativeTarget;
			buildConfigurationList = 5033B1372532F98C00300EF8 /* Build configuration list for PBXNativeTarget "Instagrid" */;
			buildPhases = (
				5033B11F2532F98800300EF8 /* Sources */,
				5033B1202532F98800300EF8 /* Frameworks */,
				5033B1212532F98800300EF8 /* Resources */,
			);
			buildRules = (
			);
			dependencies = (
			);
			name = Instagrid;
			productName = InstagridDraft;
			productReference = 5033B1232532F98800300EF8 /* Instagrid.app */;
			productType = "com.apple.product-type.application";
		};
/* End PBXNativeTarget section */

/* Begin PBXProject section */
		5033B11B2532F98800300EF8 /* Project object */ = {
			isa = PBXProject;
			attributes = {
				LastSwiftUpdateCheck = 1170;
				LastUpgradeCheck = 1170;
				ORGANIZATIONNAME = "Pascal Diamand";
				TargetAttributes = {
					5033B1222532F98800300EF8 = {
						CreatedOnToolsVersion = 11.7;
					};
				};
			};
			buildConfigurationList = 5033B11E2532F98800300EF8 /* Build configuration list for PBXProject "Instagrid" */;
			compatibilityVersion = "Xcode 9.3";
			developmentRegion = en;
			hasScannedForEncodings = 0;
			knownRegions = (
				en,
				Base,
			);
			mainGroup = 5033B11A2532F98800300EF8;
			productRefGroup = 5033B1242532F98800300EF8 /* Products */;
			projectDirPath = "";
			projectRoot = "";
			targets = (
				5033B1222532F98800300EF8 /* Instagrid */,
			);
		};
/* End PBXProject section */

/* Begin PBXResourcesBuildPhase section */
		5033B1212532F98800300EF8 /* Resources */ = {
			isa = PBXResourcesBuildPhase;
			buildActionMask = 2147483647;
			files = (
				5033B1332532F98C00300EF8 /* LaunchScreen.storyboard in Resources */,
				5033B13E25330C2300300EF8 /* Delm-Medium.otf in Resources */,
				5033B1302532F98C00300EF8 /* Assets.xcassets in Resources */,
				5033B13D25330C2300300EF8 /* ThirstySoftRegular.otf in Resources */,
				5033B12E2532F98800300EF8 /* Main.storyboard in Resources */,
				50F99419253CE71A00E2552B /* Default-568h@2x.png in Resources */,
			);
			runOnlyForDeploymentPostprocessing = 0;
		};
/* End PBXResourcesBuildPhase section */

/* Begin PBXSourcesBuildPhase section */
		5033B11F2532F98800300EF8 /* Sources */ = {
			isa = PBXSourcesBuildPhase;
			buildActionMask = 2147483647;
			files = (
				5033B12B2532F98800300EF8 /* ViewController.swift in Sources */,
				5033B1272532F98800300EF8 /* AppDelegate.swift in Sources */,
				5033B1292532F98800300EF8 /* SceneDelegate.swift in Sources */,
			);
			runOnlyForDeploymentPostprocessing = 0;
		};
/* End PBXSourcesBuildPhase section */

/* Begin PBXVariantGroup section */
		5033B12C2532F98800300EF8 /* Main.storyboard */ = {
			isa = PBXVariantGroup;
			children = (
				5033B12D2532F98800300EF8 /* Base */,
			);
			name = Main.storyboard;
			sourceTree = "<group>";
		};
		5033B1312532F98C00300EF8 /* LaunchScreen.storyboard */ = {
			isa = PBXVariantGroup;
			children = (
				5033B1322532F98C00300EF8 /* Base */,
			);
			name = LaunchScreen.storyboard;
			sourceTree = "<group>";
		};
/* End PBXVariantGroup section */

/* Begin XCBuildConfiguration section */
		5033B1352532F98C00300EF8 /* Debug */ = {
			isa = XCBuildConfiguration;
			buildSettings = {
				ALWAYS_SEARCH_USER_PATHS = NO;
				CLANG_ANALYZER_NONNULL = YES;
				CLANG_ANALYZER_NUMBER_OBJECT_CONVERSION = YES_AGGRESSIVE;
				CLANG_CXX_LANGUAGE_STANDARD = "gnu++14";
				CLANG_CXX_LIBRARY = "libc++";
				CLANG_ENABLE_MODULES = YES;
				CLANG_ENABLE_OBJC_ARC = YES;
				CLANG_ENABLE_OBJC_WEAK = YES;
				CLANG_WARN_BLOCK_CAPTURE_AUTORELEASING = YES;
				CLANG_WARN_BOOL_CONVERSION = YES;
				CLANG_WARN_COMMA = YES;
				CLANG_WARN_CONSTANT_CONVERSION = YES;
				CLANG_WARN_DEPRECATED_OBJC_IMPLEMENTATIONS = YES;
				CLANG_WARN_DIRECT_OBJC_ISA_USAGE = YES_ERROR;
				CLANG_WARN_DOCUMENTATION_COMMENTS = YES;
				CLANG_WARN_EMPTY_BODY = YES;
				CLANG_WARN_ENUM_CONVERSION = YES;
				CLANG_WARN_INFINITE_RECURSION = YES;
				CLANG_WARN_INT_CONVERSION = YES;
				CLANG_WARN_NON_LITERAL_NULL_CONVERSION = YES;
				CLANG_WARN_OBJC_IMPLICIT_RETAIN_SELF = YES;
				CLANG_WARN_OBJC_LITERAL_CONVERSION = YES;
				CLANG_WARN_OBJC_ROOT_CLASS = YES_ERROR;
				CLANG_WARN_RANGE_LOOP_ANALYSIS = YES;
				CLANG_WARN_STRICT_PROTOTYPES = YES;
				CLANG_WARN_SUSPICIOUS_MOVE = YES;
				CLANG_WARN_UNGUARDED_AVAILABILITY = YES_AGGRESSIVE;
				CLANG_WARN_UNREACHABLE_CODE = YES;
				CLANG_WARN__DUPLICATE_METHOD_MATCH = YES;
				COPY_PHASE_STRIP = NO;
				DEBUG_INFORMATION_FORMAT = dwarf;
				ENABLE_STRICT_OBJC_MSGSEND = YES;
				ENABLE_TESTABILITY = YES;
				GCC_C_LANGUAGE_STANDARD = gnu11;
				GCC_DYNAMIC_NO_PIC = NO;
				GCC_NO_COMMON_BLOCKS = YES;
				GCC_OPTIMIZATION_LEVEL = 0;
				GCC_PREPROCESSOR_DEFINITIONS = (
					"DEBUG=1",
					"$(inherited)",
				);
				GCC_WARN_64_TO_32_BIT_CONVERSION = YES;
				GCC_WARN_ABOUT_RETURN_TYPE = YES_ERROR;
				GCC_WARN_UNDECLARED_SELECTOR = YES;
				GCC_WARN_UNINITIALIZED_AUTOS = YES_AGGRESSIVE;
				GCC_WARN_UNUSED_FUNCTION = YES;
				GCC_WARN_UNUSED_VARIABLE = YES;
				IPHONEOS_DEPLOYMENT_TARGET = 11.0;
				MTL_ENABLE_DEBUG_INFO = INCLUDE_SOURCE;
				MTL_FAST_MATH = YES;
				ONLY_ACTIVE_ARCH = YES;
				SDKROOT = iphoneos;
				SWIFT_ACTIVE_COMPILATION_CONDITIONS = DEBUG;
				SWIFT_OPTIMIZATION_LEVEL = "-Onone";
			};
			name = Debug;
		};
		5033B1362532F98C00300EF8 /* Release */ = {
			isa = XCBuildConfiguration;
			buildSettings = {
				ALWAYS_SEARCH_USER_PATHS = NO;
				CLANG_ANALYZER_NONNULL = YES;
				CLANG_ANALYZER_NUMBER_OBJECT_CONVERSION = YES_AGGRESSIVE;
				CLANG_CXX_LANGUAGE_STANDARD = "gnu++14";
				CLANG_CXX_LIBRARY = "libc++";
				CLANG_ENABLE_MODULES = YES;
				CLANG_ENABLE_OBJC_ARC = YES;
				CLANG_ENABLE_OBJC_WEAK = YES;
				CLANG_WARN_BLOCK_CAPTURE_AUTORELEASING = YES;
				CLANG_WARN_BOOL_CONVERSION = YES;
				CLANG_WARN_COMMA = YES;
				CLANG_WARN_CONSTANT_CONVERSION = YES;
				CLANG_WARN_DEPRECATED_OBJC_IMPLEMENTATIONS = YES;
				CLANG_WARN_DIRECT_OBJC_ISA_USAGE = YES_ERROR;
				CLANG_WARN_DOCUMENTATION_COMMENTS = YES;
				CLANG_WARN_EMPTY_BODY = YES;
				CLANG_WARN_ENUM_CONVERSION = YES;
				CLANG_WARN_INFINITE_RECURSION = YES;
				CLANG_WARN_INT_CONVERSION = YES;
				CLANG_WARN_NON_LITERAL_NULL_CONVERSION = YES;
				CLANG_WARN_OBJC_IMPLICIT_RETAIN_SELF = YES;
				CLANG_WARN_OBJC_LITERAL_CONVERSION = YES;
				CLANG_WARN_OBJC_ROOT_CLASS = YES_ERROR;
				CLANG_WARN_RANGE_LOOP_ANALYSIS = YES;
				CLANG_WARN_STRICT_PROTOTYPES = YES;
				CLANG_WARN_SUSPICIOUS_MOVE = YES;
				CLANG_WARN_UNGUARDED_AVAILABILITY = YES_AGGRESSIVE;
				CLANG_WARN_UNREACHABLE_CODE = YES;
				CLANG_WARN__DUPLICATE_METHOD_MATCH = YES;
				COPY_PHASE_STRIP = NO;
				DEBUG_INFORMATION_FORMAT = "dwarf-with-dsym";
				ENABLE_NS_ASSERTIONS = NO;
				ENABLE_STRICT_OBJC_MSGSEND = YES;
				GCC_C_LANGUAGE_STANDARD = gnu11;
				GCC_NO_COMMON_BLOCKS = YES;
				GCC_WARN_64_TO_32_BIT_CONVERSION = YES;
				GCC_WARN_ABOUT_RETURN_TYPE = YES_ERROR;
				GCC_WARN_UNDECLARED_SELECTOR = YES;
				GCC_WARN_UNINITIALIZED_AUTOS = YES_AGGRESSIVE;
				GCC_WARN_UNUSED_FUNCTION = YES;
				GCC_WARN_UNUSED_VARIABLE = YES;
				IPHONEOS_DEPLOYMENT_TARGET = 11.0;
				MTL_ENABLE_DEBUG_INFO = NO;
				MTL_FAST_MATH = YES;
				SDKROOT = iphoneos;
				SWIFT_COMPILATION_MODE = wholemodule;
				SWIFT_OPTIMIZATION_LEVEL = "-O";
				VALIDATE_PRODUCT = YES;
			};
			name = Release;
		};
		5033B1382532F98C00300EF8 /* Debug */ = {
			isa = XCBuildConfiguration;
			buildSettings = {
				ASSETCATALOG_COMPILER_APPICON_NAME = AppIcon;
				CODE_SIGN_STYLE = Automatic;
				DEVELOPMENT_TEAM = 296U3QMVR2;
				INFOPLIST_FILE = Instagrid/Info.plist;
				IPHONEOS_DEPLOYMENT_TARGET = 11.0;
				LD_RUNPATH_SEARCH_PATHS = (
					"$(inherited)",
					"@executable_path/Frameworks",
				);
				MARKETING_VERSION = 0.1;
				PRODUCT_BUNDLE_IDENTIFIER = Pascal.diamand.Instagrid;
				PRODUCT_NAME = "$(TARGET_NAME)";
				SWIFT_VERSION = 5.0;
				TARGETED_DEVICE_FAMILY = 1;
			};
			name = Debug;
		};
		5033B1392532F98C00300EF8 /* Release */ = {
			isa = XCBuildConfiguration;
			buildSettings = {
				ASSETCATALOG_COMPILER_APPICON_NAME = AppIcon;
				CODE_SIGN_STYLE = Automatic;
				DEVELOPMENT_TEAM = 296U3QMVR2;
				INFOPLIST_FILE = Instagrid/Info.plist;
				IPHONEOS_DEPLOYMENT_TARGET = 11.0;
				LD_RUNPATH_SEARCH_PATHS = (
					"$(inherited)",
					"@executable_path/Frameworks",
				);
				MARKETING_VERSION = 0.1;
				PRODUCT_BUNDLE_IDENTIFIER = Pascal.diamand.Instagrid;
				PRODUCT_NAME = "$(TARGET_NAME)";
				SWIFT_VERSION = 5.0;
				TARGETED_DEVICE_FAMILY = 1;
			};
			name = Release;
		};
/* End XCBuildConfiguration section */

/* Begin XCConfigurationList section */
		5033B11E2532F98800300EF8 /* Build configuration list for PBXProject "Instagrid" */ = {
			isa = XCConfigurationList;
			buildConfigurations = (
				5033B1352532F98C00300EF8 /* Debug */,
				5033B1362532F98C00300EF8 /* Release */,
			);
			defaultConfigurationIsVisible = 0;
			defaultConfigurationName = Release;
		};
		5033B1372532F98C00300EF8 /* Build configuration list for PBXNativeTarget "Instagrid" */ = {
			isa = XCConfigurationList;
			buildConfigurations = (
				5033B1382532F98C00300EF8 /* Debug */,
				5033B1392532F98C00300EF8 /* Release */,
			);
			defaultConfigurationIsVisible = 0;
			defaultConfigurationName = Release;
		};
/* End XCConfigurationList section */
	};
	rootObject = 5033B11B2532F98800300EF8 /* Project object */;
}
